
Microsoft Visual Studio Solution File, Format Version 12.00
# Visual Studio Version 17
VisualStudioVersion = 17.14.36908.2 d17.14
MinimumVisualStudioVersion = 10.0.40219.1
Project("{FAE04EC0-301F-11D3-BF4B-00C04F79EFBC}") = "SignalR_Demo", "SignalR_Demo\SignalR_Demo.csproj", "{CAB4E81C-9393-422A-9E82-3402ECA2BE6B}"
EndProject
Global
	GlobalSection(SolutionConfigurationPlatforms) = preSolution
		Debug|Any CPU = Debug|Any CPU
		Release|Any CPU = Release|Any CPU
	EndGlobalSection
	GlobalSection(ProjectConfigurationPlatforms) = postSolution
		{CAB4E81C-9393-422A-9E82-3402ECA2BE6B}.Debug|Any CPU.ActiveCfg = Debug|Any CPU
		{CAB4E81C-9393-422A-9E82-3402ECA2BE6B}.Debug|Any CPU.Build.0 = Debug|Any CPU
		{CAB4E81C-9393-422A-9E82-3402ECA2BE6B}.Release|Any CPU.ActiveCfg = Release|Any CPU
		{CAB4E81C-9393-422A-9E82-3402ECA2BE6B}.Release|Any CPU.Build.0 = Release|Any CPU
	EndGlobalSection
	GlobalSection(SolutionProperties) = preSolution
		HideSolutionNode = FALSE
	EndGlobalSection
	GlobalSection(ExtensibilityGlobals) = postSolution
		SolutionGuid = {874CF6DB-E148-47C2-A3A1-AB00265A24F8}
	EndGlobalSection
EndGlobal
